
Microsoft Visual Studio Solution File, Format Version 12.00
# Visual Studio Version 16
VisualStudioVersion = 16.0.30524.135
MinimumVisualStudioVersion = 10.0.40219.1
Project("{FAE04EC0-301F-11D3-BF4B-00C04F79EFBC}") = "CBSetoConsole", "CBSetoConsole\CBSetoConsole.csproj", "{C38D18E4-FF81-4E84-948F-2AA0D2B47157}"
EndProject
Project("{FAE04EC0-301F-11D3-BF4B-00C04F79EFBC}") = "CBSetoLib", "CBSetoLib\CBSetoLib.csproj", "{4D4DF69B-2E89-45C3-945D-6637AED39F6D}"
EndProject
Global
	GlobalSection(SolutionConfigurationPlatforms) = preSolution
		Debug|Any CPU = Debug|Any CPU
		Release|Any CPU = Release|Any CPU
	EndGlobalSection
	GlobalSection(ProjectConfigurationPlatforms) = postSolution
		{C38D18E4-FF81-4E84-948F-2AA0D2B47157}.Debug|Any CPU.ActiveCfg = Debug|Any CPU
		{C38D18E4-FF81-4E84-948F-2AA0D2B47157}.Debug|Any CPU.Build.0 = Debug|Any CPU
		{C38D18E4-FF81-4E84-948F-2AA0D2B47157}.Release|Any CPU.ActiveCfg = Release|Any CPU
		{C38D18E4-FF81-4E84-948F-2AA0D2B47157}.Release|Any CPU.Build.0 = Release|Any CPU
		{4D4DF69B-2E89-45C3-945D-6637AED39F6D}.Debug|Any CPU.ActiveCfg = Debug|Any CPU
		{4D4DF69B-2E89-45C3-945D-6637AED39F6D}.Debug|Any CPU.Build.0 = Debug|Any CPU
		{4D4DF69B-2E89-45C3-945D-6637AED39F6D}.Release|Any CPU.ActiveCfg = Release|Any CPU
		{4D4DF69B-2E89-45C3-945D-6637AED39F6D}.Release|Any CPU.Build.0 = Release|Any CPU
	EndGlobalSection
	GlobalSection(SolutionProperties) = preSolution
		HideSolutionNode = FALSE
	EndGlobalSection
	GlobalSection(ExtensibilityGlobals) = postSolution
		SolutionGuid = {4840CFC7-7831-4222-9EC4-990BEE9A5D26}
	EndGlobalSection
EndGlobal
